
Microsoft Visual Studio Solution File, Format Version 12.00
# Visual Studio Version 17
VisualStudioVersion = 17.9.34414.90
MinimumVisualStudioVersion = 10.0.40219.1
Project("{9A19103F-16F7-4668-BE54-9A1E7A4F7556}") = "ppedv.DiePizzaBude.Model", "ppedv.DiePizzaBude.Model\ppedv.DiePizzaBude.Model.csproj", "{E50C13A9-F92A-4E9C-86FD-313DD695A04A}"
EndProject
Project("{FAE04EC0-301F-11D3-BF4B-00C04F79EFBC}") = "ppedv.DiePizzaBude.Data.EfCore", "ppedv.DiePizzaBude.Data.EfCore\ppedv.DiePizzaBude.Data.EfCore.csproj", "{04DC13D2-F37A-4EEA-A099-840E66598C87}"
EndProject
Project("{FAE04EC0-301F-11D3-BF4B-00C04F79EFBC}") = "ppedv.DiePizzaBude.Data.EfCore.Tests", "ppedv.DiePizzaBude.Data.EfCore.Tests\ppedv.DiePizzaBude.Data.EfCore.Tests.csproj", "{E480B3BE-6104-419B-8D96-71BF6396C4D6}"
EndProject
Project("{FAE04EC0-301F-11D3-BF4B-00C04F79EFBC}") = "ppedv.DiePizzaBude.Logic.Core", "ppedv.DiePizzaBude.Logic.Core\ppedv.DiePizzaBude.Logic.Core.csproj", "{33E4A8B3-2722-4979-8BDD-775C0E6126D0}"
EndProject
Global
	GlobalSection(SolutionConfigurationPlatforms) = preSolution
		Debug|Any CPU = Debug|Any CPU
		Release|Any CPU = Release|Any CPU
	EndGlobalSection
	GlobalSection(ProjectConfigurationPlatforms) = postSolution
		{E50C13A9-F92A-4E9C-86FD-313DD695A04A}.Debug|Any CPU.ActiveCfg = Debug|Any CPU
		{E50C13A9-F92A-4E9C-86FD-313DD695A04A}.Debug|Any CPU.Build.0 = Debug|Any CPU
		{E50C13A9-F92A-4E9C-86FD-313DD695A04A}.Release|Any CPU.ActiveCfg = Release|Any CPU
		{E50C13A9-F92A-4E9C-86FD-313DD695A04A}.Release|Any CPU.Build.0 = Release|Any CPU
		{04DC13D2-F37A-4EEA-A099-840E66598C87}.Debug|Any CPU.ActiveCfg = Debug|Any CPU
		{04DC13D2-F37A-4EEA-A099-840E66598C87}.Debug|Any CPU.Build.0 = Debug|Any CPU
		{04DC13D2-F37A-4EEA-A099-840E66598C87}.Release|Any CPU.ActiveCfg = Release|Any CPU
		{04DC13D2-F37A-4EEA-A099-840E66598C87}.Release|Any CPU.Build.0 = Release|Any CPU
		{E480B3BE-6104-419B-8D96-71BF6396C4D6}.Debug|Any CPU.ActiveCfg = Debug|Any CPU
		{E480B3BE-6104-419B-8D96-71BF6396C4D6}.Debug|Any CPU.Build.0 = Debug|Any CPU
		{E480B3BE-6104-419B-8D96-71BF6396C4D6}.Release|Any CPU.ActiveCfg = Release|Any CPU
		{E480B3BE-6104-419B-8D96-71BF6396C4D6}.Release|Any CPU.Build.0 = Release|Any CPU
		{33E4A8B3-2722-4979-8BDD-775C0E6126D0}.Debug|Any CPU.ActiveCfg = Debug|Any CPU
		{33E4A8B3-2722-4979-8BDD-775C0E6126D0}.Debug|Any CPU.Build.0 = Debug|Any CPU
		{33E4A8B3-2722-4979-8BDD-775C0E6126D0}.Release|Any CPU.ActiveCfg = Release|Any CPU
		{33E4A8B3-2722-4979-8BDD-775C0E6126D0}.Release|Any CPU.Build.0 = Release|Any CPU
	EndGlobalSection
	GlobalSection(SolutionProperties) = preSolution
		HideSolutionNode = FALSE
	EndGlobalSection
	GlobalSection(ExtensibilityGlobals) = postSolution
		SolutionGuid = {07308E15-109B-479A-BBBA-4BDD9A6DCB8F}
	EndGlobalSection
EndGlobal
