
Microsoft Visual Studio Solution File, Format Version 12.00
# Visual Studio Version 17
VisualStudioVersion = 17.9.34414.90
MinimumVisualStudioVersion = 10.0.40219.1
Project("{FAE04EC0-301F-11D3-BF4B-00C04F79EFBC}") = "BooksClient", "BooksClient\BooksClient.csproj", "{C1A0C46D-802D-44CB-8E96-71C9A5E97533}"
EndProject
Global
	GlobalSection(SolutionConfigurationPlatforms) = preSolution
		Debug|Any CPU = Debug|Any CPU
		Release|Any CPU = Release|Any CPU
	EndGlobalSection
	GlobalSection(ProjectConfigurationPlatforms) = postSolution
		{C1A0C46D-802D-44CB-8E96-71C9A5E97533}.Debug|Any CPU.ActiveCfg = Debug|Any CPU
		{C1A0C46D-802D-44CB-8E96-71C9A5E97533}.Debug|Any CPU.Build.0 = Debug|Any CPU
		{C1A0C46D-802D-44CB-8E96-71C9A5E97533}.Release|Any CPU.ActiveCfg = Release|Any CPU
		{C1A0C46D-802D-44CB-8E96-71C9A5E97533}.Release|Any CPU.Build.0 = Release|Any CPU
	EndGlobalSection
	GlobalSection(SolutionProperties) = preSolution
		HideSolutionNode = FALSE
	EndGlobalSection
	GlobalSection(ExtensibilityGlobals) = postSolution
		SolutionGuid = {FB3EECA8-EA4E-44B4-956F-74A37A82E1AC}
	EndGlobalSection
EndGlobal
